
Microsoft Visual Studio Solution File, Format Version 12.00
# Visual Studio 15
VisualStudioVersion = 15.0.26430.16
MinimumVisualStudioVersion = 10.0.40219.1
Project("{2150E333-8FDC-42A3-9474-1A3956D46DE8}") = "AccessLayer", "AccessLayer", "{F9E22596-A915-4D07-8071-8F33BDFCF24F}"
EndProject
Project("{2150E333-8FDC-42A3-9474-1A3956D46DE8}") = "LogicLayer", "LogicLayer", "{AD602B35-A232-4994-BE0A-D9FED6096605}"
EndProject
Project("{2150E333-8FDC-42A3-9474-1A3956D46DE8}") = "Presentation", "Presentation", "{D88F508B-8C89-4B8D-A8E3-F51BEBB4884A}"
EndProject
Project("{FAE04EC0-301F-11D3-BF4B-00C04F79EFBC}") = "KWRT.Database.Models", "AccessLayer\KWRT.Database.Models\KWRT.Database.Models.csproj", "{FAE04EC0-301F-11D3-BF4B-00C04F79EFBC}"
EndProject
Project("{FAE04EC0-301F-11D3-BF4B-00C04F79EFBC}") = "KWRT.Database.Migrations", "AccessLayer\KWRT.Database.Migrations\KWRT.Database.Migrations.csproj", "{DAFCBE6A-47C6-4290-ACC2-C752D0CABC97}"
EndProject
Project("{FAE04EC0-301F-11D3-BF4B-00C04F79EFBC}") = "KWRT.Web", "Presentation\KWRT.Web\KWRT.Web.csproj", "{875BB79A-A018-41CA-9F0F-62DD630D2ED4}"
EndProject
Project("{FAE04EC0-301F-11D3-BF4B-00C04F79EFBC}") = "KWRT.Services", "LogicLayer\KWRT.Services\KWRT.Services.csproj", "{844EC0A7-CDD1-473E-813F-99F58E71760F}"
EndProject
Project("{FAE04EC0-301F-11D3-BF4B-00C04F79EFBC}") = "KWRT.Extensions", "LogicLayer\KWRT.Extensions\KWRT.Extensions.csproj", "{4847C525-A8E4-4546-BEF7-ADF06F991BDF}"
EndProject
Project("{FAE04EC0-301F-11D3-BF4B-00C04F79EFBC}") = "KWRT.ViewModels", "Presentation\KWRT.ViewModels\KWRT.ViewModels.csproj", "{E3069D5C-7F33-44D5-8217-8A25EC1AA902}"
EndProject
Project("{FAE04EC0-301F-11D3-BF4B-00C04F79EFBC}") = "KWRT.Database.Access", "AccessLayer\KWRT.Database.Access\KWRT.Database.Access.csproj", "{88F0FA4B-F507-4724-B8D7-F203A6C179F3}"
EndProject
Project("{FAE04EC0-301F-11D3-BF4B-00C04F79EFBC}") = "KWRT.CoreModels", "LogicLayer\KWRT.CoreModels\KWRT.CoreModels.csproj", "{09F59C3D-C2B8-42FA-B846-532E97547A64}"
EndProject
Global
	GlobalSection(SolutionConfigurationPlatforms) = preSolution
		Debug|Any CPU = Debug|Any CPU
		Release|Any CPU = Release|Any CPU
	EndGlobalSection
	GlobalSection(ProjectConfigurationPlatforms) = postSolution
		{FAE04EC0-301F-11D3-BF4B-00C04F79EFBC}.Debug|Any CPU.ActiveCfg = Debug|Any CPU
		{FAE04EC0-301F-11D3-BF4B-00C04F79EFBC}.Debug|Any CPU.Build.0 = Debug|Any CPU
		{FAE04EC0-301F-11D3-BF4B-00C04F79EFBC}.Release|Any CPU.ActiveCfg = Release|Any CPU
		{FAE04EC0-301F-11D3-BF4B-00C04F79EFBC}.Release|Any CPU.Build.0 = Release|Any CPU
		{DAFCBE6A-47C6-4290-ACC2-C752D0CABC97}.Debug|Any CPU.ActiveCfg = Debug|Any CPU
		{DAFCBE6A-47C6-4290-ACC2-C752D0CABC97}.Debug|Any CPU.Build.0 = Debug|Any CPU
		{DAFCBE6A-47C6-4290-ACC2-C752D0CABC97}.Release|Any CPU.ActiveCfg = Release|Any CPU
		{DAFCBE6A-47C6-4290-ACC2-C752D0CABC97}.Release|Any CPU.Build.0 = Release|Any CPU
		{875BB79A-A018-41CA-9F0F-62DD630D2ED4}.Debug|Any CPU.ActiveCfg = Debug|Any CPU
		{875BB79A-A018-41CA-9F0F-62DD630D2ED4}.Debug|Any CPU.Build.0 = Debug|Any CPU
		{875BB79A-A018-41CA-9F0F-62DD630D2ED4}.Release|Any CPU.ActiveCfg = Release|Any CPU
		{875BB79A-A018-41CA-9F0F-62DD630D2ED4}.Release|Any CPU.Build.0 = Release|Any CPU
		{844EC0A7-CDD1-473E-813F-99F58E71760F}.Debug|Any CPU.ActiveCfg = Debug|Any CPU
		{844EC0A7-CDD1-473E-813F-99F58E71760F}.Debug|Any CPU.Build.0 = Debug|Any CPU
		{844EC0A7-CDD1-473E-813F-99F58E71760F}.Release|Any CPU.ActiveCfg = Release|Any CPU
		{844EC0A7-CDD1-473E-813F-99F58E71760F}.Release|Any CPU.Build.0 = Release|Any CPU
		{4847C525-A8E4-4546-BEF7-ADF06F991BDF}.Debug|Any CPU.ActiveCfg = Debug|Any CPU
		{4847C525-A8E4-4546-BEF7-ADF06F991BDF}.Debug|Any CPU.Build.0 = Debug|Any CPU
		{4847C525-A8E4-4546-BEF7-ADF06F991BDF}.Release|Any CPU.ActiveCfg = Release|Any CPU
		{4847C525-A8E4-4546-BEF7-ADF06F991BDF}.Release|Any CPU.Build.0 = Release|Any CPU
		{E3069D5C-7F33-44D5-8217-8A25EC1AA902}.Debug|Any CPU.ActiveCfg = Debug|Any CPU
		{E3069D5C-7F33-44D5-8217-8A25EC1AA902}.Debug|Any CPU.Build.0 = Debug|Any CPU
		{E3069D5C-7F33-44D5-8217-8A25EC1AA902}.Release|Any CPU.ActiveCfg = Release|Any CPU
		{E3069D5C-7F33-44D5-8217-8A25EC1AA902}.Release|Any CPU.Build.0 = Release|Any CPU
		{88F0FA4B-F507-4724-B8D7-F203A6C179F3}.Debug|Any CPU.ActiveCfg = Debug|Any CPU
		{88F0FA4B-F507-4724-B8D7-F203A6C179F3}.Debug|Any CPU.Build.0 = Debug|Any CPU
		{88F0FA4B-F507-4724-B8D7-F203A6C179F3}.Release|Any CPU.ActiveCfg = Release|Any CPU
		{88F0FA4B-F507-4724-B8D7-F203A6C179F3}.Release|Any CPU.Build.0 = Release|Any CPU
		{09F59C3D-C2B8-42FA-B846-532E97547A64}.Debug|Any CPU.ActiveCfg = Debug|Any CPU
		{09F59C3D-C2B8-42FA-B846-532E97547A64}.Debug|Any CPU.Build.0 = Debug|Any CPU
		{09F59C3D-C2B8-42FA-B846-532E97547A64}.Release|Any CPU.ActiveCfg = Release|Any CPU
		{09F59C3D-C2B8-42FA-B846-532E97547A64}.Release|Any CPU.Build.0 = Release|Any CPU
	EndGlobalSection
	GlobalSection(SolutionProperties) = preSolution
		HideSolutionNode = FALSE
	EndGlobalSection
	GlobalSection(NestedProjects) = preSolution
		{FAE04EC0-301F-11D3-BF4B-00C04F79EFBC} = {F9E22596-A915-4D07-8071-8F33BDFCF24F}
		{DAFCBE6A-47C6-4290-ACC2-C752D0CABC97} = {F9E22596-A915-4D07-8071-8F33BDFCF24F}
		{875BB79A-A018-41CA-9F0F-62DD630D2ED4} = {D88F508B-8C89-4B8D-A8E3-F51BEBB4884A}
		{844EC0A7-CDD1-473E-813F-99F58E71760F} = {AD602B35-A232-4994-BE0A-D9FED6096605}
		{4847C525-A8E4-4546-BEF7-ADF06F991BDF} = {AD602B35-A232-4994-BE0A-D9FED6096605}
		{E3069D5C-7F33-44D5-8217-8A25EC1AA902} = {D88F508B-8C89-4B8D-A8E3-F51BEBB4884A}
		{88F0FA4B-F507-4724-B8D7-F203A6C179F3} = {F9E22596-A915-4D07-8071-8F33BDFCF24F}
		{09F59C3D-C2B8-42FA-B846-532E97547A64} = {AD602B35-A232-4994-BE0A-D9FED6096605}
	EndGlobalSection
EndGlobal
